// !$*UTF8*$!
{
	archiveVersion = 1;
	classes = {
	};
	objectVersion = 56;
	objects = {

/* Begin PBXBuildFile section */
		176739252AD9865A00F96C31 /* AppDelegate.swift in Sources */ = {isa = PBXBuildFile; fileRef = 176739242AD9865A00F96C31 /* AppDelegate.swift */; };
		176739272AD9865A00F96C31 /* SceneDelegate.swift in Sources */ = {isa = PBXBuildFile; fileRef = 176739262AD9865A00F96C31 /* SceneDelegate.swift */; };
		176739292AD9865A00F96C31 /* WelcomeVC.swift in Sources */ = {isa = PBXBuildFile; fileRef = 176739282AD9865A00F96C31 /* WelcomeVC.swift */; };
		1767392E2AD9866000F96C31 /* Assets.xcassets in Resources */ = {isa = PBXBuildFile; fileRef = 1767392D2AD9866000F96C31 /* Assets.xcassets */; };
		176739312AD9866000F96C31 /* LaunchScreen.storyboard in Resources */ = {isa = PBXBuildFile; fileRef = 1767392F2AD9866000F96C31 /* LaunchScreen.storyboard */; };
		1767393C2AD9866100F96C31 /* newChatTests.swift in Sources */ = {isa = PBXBuildFile; fileRef = 1767393B2AD9866100F96C31 /* newChatTests.swift */; };
		176739462AD9866100F96C31 /* newChatUITests.swift in Sources */ = {isa = PBXBuildFile; fileRef = 176739452AD9866100F96C31 /* newChatUITests.swift */; };
		176739482AD9866100F96C31 /* newChatUITestsLaunchTests.swift in Sources */ = {isa = PBXBuildFile; fileRef = 176739472AD9866100F96C31 /* newChatUITestsLaunchTests.swift */; };
		176739582AD986F600F96C31 /* ChatVC.swift in Sources */ = {isa = PBXBuildFile; fileRef = 176739572AD986F600F96C31 /* ChatVC.swift */; };
		1767395A2AD9872F00F96C31 /* RegisterVC.swift in Sources */ = {isa = PBXBuildFile; fileRef = 176739592AD9872F00F96C31 /* RegisterVC.swift */; };
		1767395C2AD9873D00F96C31 /* LoginVC.swift in Sources */ = {isa = PBXBuildFile; fileRef = 1767395B2AD9873D00F96C31 /* LoginVC.swift */; };
		1767395E2AD9A5B600F96C31 /* Colors + Ext.swift in Sources */ = {isa = PBXBuildFile; fileRef = 1767395D2AD9A5B600F96C31 /* Colors + Ext.swift */; };
		176739602ADD7BED00F96C31 /* UIStackView + EXt.swift in Sources */ = {isa = PBXBuildFile; fileRef = 1767395F2ADD7BED00F96C31 /* UIStackView + EXt.swift */; };
		176739622ADDA66E00F96C31 /* GoogleService-Info.plist in Resources */ = {isa = PBXBuildFile; fileRef = 176739612ADDA66D00F96C31 /* GoogleService-Info.plist */; };
		176739632ADDA66E00F96C31 /* GoogleService-Info.plist in Resources */ = {isa = PBXBuildFile; fileRef = 176739612ADDA66D00F96C31 /* GoogleService-Info.plist */; };
		176739642ADDA66E00F96C31 /* GoogleService-Info.plist in Resources */ = {isa = PBXBuildFile; fileRef = 176739612ADDA66D00F96C31 /* GoogleService-Info.plist */; };
		176739672ADDA79F00F96C31 /* FirebaseAnalytics in Frameworks */ = {isa = PBXBuildFile; productRef = 176739662ADDA79F00F96C31 /* FirebaseAnalytics */; };
		176739692ADDA79F00F96C31 /* FirebaseAuth in Frameworks */ = {isa = PBXBuildFile; productRef = 176739682ADDA79F00F96C31 /* FirebaseAuth */; };
		1767396B2ADDA79F00F96C31 /* FirebaseDatabase in Frameworks */ = {isa = PBXBuildFile; productRef = 1767396A2ADDA79F00F96C31 /* FirebaseDatabase */; };
		1767396D2ADDA79F00F96C31 /* FirebaseFirestore in Frameworks */ = {isa = PBXBuildFile; productRef = 1767396C2ADDA79F00F96C31 /* FirebaseFirestore */; };
		176739702ADEB32800F96C31 /* DatabaseManager.swift in Sources */ = {isa = PBXBuildFile; fileRef = 1767396F2ADEB32700F96C31 /* DatabaseManager.swift */; };
		176739732ADECC5900F96C31 /* MessageKit in Frameworks */ = {isa = PBXBuildFile; productRef = 176739722ADECC5900F96C31 /* MessageKit */; };
		176739762ADED34400F96C31 /* JGProgressHUD in Frameworks */ = {isa = PBXBuildFile; productRef = 176739752ADED34400F96C31 /* JGProgressHUD */; };
		176739792ADED3E700F96C31 /* Realm in Frameworks */ = {isa = PBXBuildFile; productRef = 176739782ADED3E700F96C31 /* Realm */; };
		1767397B2ADED3E800F96C31 /* RealmSwift in Frameworks */ = {isa = PBXBuildFile; productRef = 1767397A2ADED3E800F96C31 /* RealmSwift */; };
		1767397E2ADED4C100F96C31 /* SDWebImage in Frameworks */ = {isa = PBXBuildFile; productRef = 1767397D2ADED4C100F96C31 /* SDWebImage */; };
		176739802ADED5FC00F96C31 /* ChatVC_Cell.swift in Sources */ = {isa = PBXBuildFile; fileRef = 1767397F2ADED5FC00F96C31 /* ChatVC_Cell.swift */; };
		176739822ADEF40600F96C31 /* ConverationVC.swift in Sources */ = {isa = PBXBuildFile; fileRef = 176739812ADEF40600F96C31 /* ConverationVC.swift */; };
		176739842ADEF73900F96C31 /* TabBarVC.swift in Sources */ = {isa = PBXBuildFile; fileRef = 176739832ADEF73900F96C31 /* TabBarVC.swift */; };
		176739862ADEF7F100F96C31 /* ProfileVC.swift in Sources */ = {isa = PBXBuildFile; fileRef = 176739852ADEF7F100F96C31 /* ProfileVC.swift */; };
		1795D2A12AE16E1A00A7752C /* MessageKit.swift in Sources */ = {isa = PBXBuildFile; fileRef = 1795D2A02AE16E1A00A7752C /* MessageKit.swift */; };
		1795D2A32AE174F600A7752C /* NewConversationVC.swift in Sources */ = {isa = PBXBuildFile; fileRef = 1795D2A22AE174F600A7752C /* NewConversationVC.swift */; };
/* End PBXBuildFile section */

/* Begin PBXContainerItemProxy section */
		176739382AD9866100F96C31 /* PBXContainerItemProxy */ = {
			isa = PBXContainerItemProxy;
			containerPortal = 176739192AD9865A00F96C31 /* Project object */;
			proxyType = 1;
			remoteGlobalIDString = 176739202AD9865A00F96C31;
			remoteInfo = newChat;
		};
		176739422AD9866100F96C31 /* PBXContainerItemProxy */ = {
			isa = PBXContainerItemProxy;
			containerPortal = 176739192AD9865A00F96C31 /* Project object */;
			proxyType = 1;
			remoteGlobalIDString = 176739202AD9865A00F96C31;
			remoteInfo = newChat;
		};
/* End PBXContainerItemProxy section */

/* Begin PBXFileReference section */
		176739212AD9865A00F96C31 /* newChat.app */ = {isa = PBXFileReference; explicitFileType = wrapper.application; includeInIndex = 0; path = newChat.app; sourceTree = BUILT_PRODUCTS_DIR; };
		176739242AD9865A00F96C31 /* AppDelegate.swift */ = {isa = PBXFileReference; lastKnownFileType = sourcecode.swift; path = AppDelegate.swift; sourceTree = "<group>"; };
		176739262AD9865A00F96C31 /* SceneDelegate.swift */ = {isa = PBXFileReference; lastKnownFileType = sourcecode.swift; path = SceneDelegate.swift; sourceTree = "<group>"; };
		176739282AD9865A00F96C31 /* WelcomeVC.swift */ = {isa = PBXFileReference; lastKnownFileType = sourcecode.swift; path = WelcomeVC.swift; sourceTree = "<group>"; };
		1767392D2AD9866000F96C31 /* Assets.xcassets */ = {isa = PBXFileReference; lastKnownFileType = folder.assetcatalog; path = Assets.xcassets; sourceTree = "<group>"; };
		176739302AD9866000F96C31 /* Base */ = {isa = PBXFileReference; lastKnownFileType = file.storyboard; name = Base; path = Base.lproj/LaunchScreen.storyboard; sourceTree = "<group>"; };
		176739322AD9866000F96C31 /* Info.plist */ = {isa = PBXFileReference; lastKnownFileType = text.plist.xml; path = Info.plist; sourceTree = "<group>"; };
		176739372AD9866100F96C31 /* newChatTests.xctest */ = {isa = PBXFileReference; explicitFileType = wrapper.cfbundle; includeInIndex = 0; path = newChatTests.xctest; sourceTree = BUILT_PRODUCTS_DIR; };
		1767393B2AD9866100F96C31 /* newChatTests.swift */ = {isa = PBXFileReference; lastKnownFileType = sourcecode.swift; path = newChatTests.swift; sourceTree = "<group>"; };
		176739412AD9866100F96C31 /* newChatUITests.xctest */ = {isa = PBXFileReference; explicitFileType = wrapper.cfbundle; includeInIndex = 0; path = newChatUITests.xctest; sourceTree = BUILT_PRODUCTS_DIR; };
		176739452AD9866100F96C31 /* newChatUITests.swift */ = {isa = PBXFileReference; lastKnownFileType = sourcecode.swift; path = newChatUITests.swift; sourceTree = "<group>"; };
		176739472AD9866100F96C31 /* newChatUITestsLaunchTests.swift */ = {isa = PBXFileReference; lastKnownFileType = sourcecode.swift; path = newChatUITestsLaunchTests.swift; sourceTree = "<group>"; };
		176739572AD986F600F96C31 /* ChatVC.swift */ = {isa = PBXFileReference; lastKnownFileType = sourcecode.swift; path = ChatVC.swift; sourceTree = "<group>"; };
		176739592AD9872F00F96C31 /* RegisterVC.swift */ = {isa = PBXFileReference; lastKnownFileType = sourcecode.swift; path = RegisterVC.swift; sourceTree = "<group>"; };
		1767395B2AD9873D00F96C31 /* LoginVC.swift */ = {isa = PBXFileReference; lastKnownFileType = sourcecode.swift; path = LoginVC.swift; sourceTree = "<group>"; };
		1767395D2AD9A5B600F96C31 /* Colors + Ext.swift */ = {isa = PBXFileReference; lastKnownFileType = sourcecode.swift; path = "Colors + Ext.swift"; sourceTree = "<group>"; };
		1767395F2ADD7BED00F96C31 /* UIStackView + EXt.swift */ = {isa = PBXFileReference; lastKnownFileType = sourcecode.swift; path = "UIStackView + EXt.swift"; sourceTree = "<group>"; };
		176739612ADDA66D00F96C31 /* GoogleService-Info.plist */ = {isa = PBXFileReference; fileEncoding = 4; lastKnownFileType = text.plist.xml; path = "GoogleService-Info.plist"; sourceTree = "<group>"; };
		1767396F2ADEB32700F96C31 /* DatabaseManager.swift */ = {isa = PBXFileReference; lastKnownFileType = sourcecode.swift; path = DatabaseManager.swift; sourceTree = "<group>"; };
		1767397F2ADED5FC00F96C31 /* ChatVC_Cell.swift */ = {isa = PBXFileReference; lastKnownFileType = sourcecode.swift; path = ChatVC_Cell.swift; sourceTree = "<group>"; };
		176739812ADEF40600F96C31 /* ConverationVC.swift */ = {isa = PBXFileReference; lastKnownFileType = sourcecode.swift; path = ConverationVC.swift; sourceTree = "<group>"; };
		176739832ADEF73900F96C31 /* TabBarVC.swift */ = {isa = PBXFileReference; lastKnownFileType = sourcecode.swift; path = TabBarVC.swift; sourceTree = "<group>"; };
		176739852ADEF7F100F96C31 /* ProfileVC.swift */ = {isa = PBXFileReference; lastKnownFileType = sourcecode.swift; path = ProfileVC.swift; sourceTree = "<group>"; };
		1795D2A02AE16E1A00A7752C /* MessageKit.swift */ = {isa = PBXFileReference; lastKnownFileType = sourcecode.swift; path = MessageKit.swift; sourceTree = "<group>"; };
		1795D2A22AE174F600A7752C /* NewConversationVC.swift */ = {isa = PBXFileReference; lastKnownFileType = sourcecode.swift; path = NewConversationVC.swift; sourceTree = "<group>"; };
/* End PBXFileReference section */

/* Begin PBXFrameworksBuildPhase section */
		1767391E2AD9865A00F96C31 /* Frameworks */ = {
			isa = PBXFrameworksBuildPhase;
			buildActionMask = 2147483647;
			files = (
				1767397B2ADED3E800F96C31 /* RealmSwift in Frameworks */,
				176739792ADED3E700F96C31 /* Realm in Frameworks */,
				1767396B2ADDA79F00F96C31 /* FirebaseDatabase in Frameworks */,
				1767396D2ADDA79F00F96C31 /* FirebaseFirestore in Frameworks */,
				176739672ADDA79F00F96C31 /* FirebaseAnalytics in Frameworks */,
				176739692ADDA79F00F96C31 /* FirebaseAuth in Frameworks */,
				1767397E2ADED4C100F96C31 /* SDWebImage in Frameworks */,
				176739762ADED34400F96C31 /* JGProgressHUD in Frameworks */,
				176739732ADECC5900F96C31 /* MessageKit in Frameworks */,
			);
			runOnlyForDeploymentPostprocessing = 0;
		};
		176739342AD9866100F96C31 /* Frameworks */ = {
			isa = PBXFrameworksBuildPhase;
			buildActionMask = 2147483647;
			files = (
			);
			runOnlyForDeploymentPostprocessing = 0;
		};
		1767393E2AD9866100F96C31 /* Frameworks */ = {
			isa = PBXFrameworksBuildPhase;
			buildActionMask = 2147483647;
			files = (
			);
			runOnlyForDeploymentPostprocessing = 0;
		};
/* End PBXFrameworksBuildPhase section */

/* Begin PBXGroup section */
		176739182AD9865A00F96C31 = {
			isa = PBXGroup;
			children = (
				176739232AD9865A00F96C31 /* newChat */,
				1767393A2AD9866100F96C31 /* newChatTests */,
				176739442AD9866100F96C31 /* newChatUITests */,
				176739222AD9865A00F96C31 /* Products */,
			);
			sourceTree = "<group>";
		};
		176739222AD9865A00F96C31 /* Products */ = {
			isa = PBXGroup;
			children = (
				176739212AD9865A00F96C31 /* newChat.app */,
				176739372AD9866100F96C31 /* newChatTests.xctest */,
				176739412AD9866100F96C31 /* newChatUITests.xctest */,
			);
			name = Products;
			sourceTree = "<group>";
		};
		176739232AD9865A00F96C31 /* newChat */ = {
			isa = PBXGroup;
			children = (
				1767396E2ADEB30300F96C31 /* Model */,
				176739562AD986D500F96C31 /* Extensions */,
				176739552AD986C900F96C31 /* Helpers */,
				176739542AD986B400F96C31 /* Controllers */,
				176739242AD9865A00F96C31 /* AppDelegate.swift */,
				176739262AD9865A00F96C31 /* SceneDelegate.swift */,
				1767392D2AD9866000F96C31 /* Assets.xcassets */,
				176739612ADDA66D00F96C31 /* GoogleService-Info.plist */,
				1767392F2AD9866000F96C31 /* LaunchScreen.storyboard */,
				176739322AD9866000F96C31 /* Info.plist */,
			);
			path = newChat;
			sourceTree = "<group>";
		};
		1767393A2AD9866100F96C31 /* newChatTests */ = {
			isa = PBXGroup;
			children = (
				1767393B2AD9866100F96C31 /* newChatTests.swift */,
			);
			path = newChatTests;
			sourceTree = "<group>";
		};
		176739442AD9866100F96C31 /* newChatUITests */ = {
			isa = PBXGroup;
			children = (
				176739452AD9866100F96C31 /* newChatUITests.swift */,
				176739472AD9866100F96C31 /* newChatUITestsLaunchTests.swift */,
			);
			path = newChatUITests;
			sourceTree = "<group>";
		};
		176739542AD986B400F96C31 /* Controllers */ = {
			isa = PBXGroup;
			children = (
				1795D2A42AE24D1800A7752C /* NewConversation */,
				176739572AD986F600F96C31 /* ChatVC.swift */,
				176739812ADEF40600F96C31 /* ConverationVC.swift */,
				1767397F2ADED5FC00F96C31 /* ChatVC_Cell.swift */,
				176739282AD9865A00F96C31 /* WelcomeVC.swift */,
				176739592AD9872F00F96C31 /* RegisterVC.swift */,
				1767395B2AD9873D00F96C31 /* LoginVC.swift */,
				176739832ADEF73900F96C31 /* TabBarVC.swift */,
				176739852ADEF7F100F96C31 /* ProfileVC.swift */,
			);
			path = Controllers;
			sourceTree = "<group>";
		};
		176739552AD986C900F96C31 /* Helpers */ = {
			isa = PBXGroup;
			children = (
			);
			path = Helpers;
			sourceTree = "<group>";
		};
		176739562AD986D500F96C31 /* Extensions */ = {
			isa = PBXGroup;
			children = (
				1767395D2AD9A5B600F96C31 /* Colors + Ext.swift */,
				1767395F2ADD7BED00F96C31 /* UIStackView + EXt.swift */,
			);
			path = Extensions;
			sourceTree = "<group>";
		};
		1767396E2ADEB30300F96C31 /* Model */ = {
			isa = PBXGroup;
			children = (
				1767396F2ADEB32700F96C31 /* DatabaseManager.swift */,
				1795D2A02AE16E1A00A7752C /* MessageKit.swift */,
			);
			path = Model;
			sourceTree = "<group>";
		};
		1795D2A42AE24D1800A7752C /* NewConversation */ = {
			isa = PBXGroup;
			children = (
				1795D2A22AE174F600A7752C /* NewConversationVC.swift */,
			);
			path = NewConversation;
			sourceTree = "<group>";
		};
/* End PBXGroup section */

/* Begin PBXNativeTarget section */
		176739202AD9865A00F96C31 /* newChat */ = {
			isa = PBXNativeTarget;
			buildConfigurationList = 1767394B2AD9866100F96C31 /* Build configuration list for PBXNativeTarget "newChat" */;
			buildPhases = (
				1767391D2AD9865A00F96C31 /* Sources */,
				1767391E2AD9865A00F96C31 /* Frameworks */,
				1767391F2AD9865A00F96C31 /* Resources */,
			);
			buildRules = (
			);
			dependencies = (
			);
			name = newChat;
			packageProductDependencies = (
				176739662ADDA79F00F96C31 /* FirebaseAnalytics */,
				176739682ADDA79F00F96C31 /* FirebaseAuth */,
				1767396A2ADDA79F00F96C31 /* FirebaseDatabase */,
				1767396C2ADDA79F00F96C31 /* FirebaseFirestore */,
				176739722ADECC5900F96C31 /* MessageKit */,
				176739752ADED34400F96C31 /* JGProgressHUD */,
				176739782ADED3E700F96C31 /* Realm */,
				1767397A2ADED3E800F96C31 /* RealmSwift */,
				1767397D2ADED4C100F96C31 /* SDWebImage */,
			);
			productName = newChat;
			productReference = 176739212AD9865A00F96C31 /* newChat.app */;
			productType = "com.apple.product-type.application";
		};
		176739362AD9866100F96C31 /* newChatTests */ = {
			isa = PBXNativeTarget;
			buildConfigurationList = 1767394E2AD9866100F96C31 /* Build configuration list for PBXNativeTarget "newChatTests" */;
			buildPhases = (
				176739332AD9866100F96C31 /* Sources */,
				176739342AD9866100F96C31 /* Frameworks */,
				176739352AD9866100F96C31 /* Resources */,
			);
			buildRules = (
			);
			dependencies = (
				176739392AD9866100F96C31 /* PBXTargetDependency */,
			);
			name = newChatTests;
			productName = newChatTests;
			productReference = 176739372AD9866100F96C31 /* newChatTests.xctest */;
			productType = "com.apple.product-type.bundle.unit-test";
		};
		176739402AD9866100F96C31 /* newChatUITests */ = {
			isa = PBXNativeTarget;
			buildConfigurationList = 176739512AD9866100F96C31 /* Build configuration list for PBXNativeTarget "newChatUITests" */;
			buildPhases = (
				1767393D2AD9866100F96C31 /* Sources */,
				1767393E2AD9866100F96C31 /* Frameworks */,
				1767393F2AD9866100F96C31 /* Resources */,
			);
			buildRules = (
			);
			dependencies = (
				176739432AD9866100F96C31 /* PBXTargetDependency */,
			);
			name = newChatUITests;
			productName = newChatUITests;
			productReference = 176739412AD9866100F96C31 /* newChatUITests.xctest */;
			productType = "com.apple.product-type.bundle.ui-testing";
		};
/* End PBXNativeTarget section */

/* Begin PBXProject section */
		176739192AD9865A00F96C31 /* Project object */ = {
			isa = PBXProject;
			attributes = {
				BuildIndependentTargetsInParallel = 1;
				LastSwiftUpdateCheck = 1420;
				LastUpgradeCheck = 1420;
				TargetAttributes = {
					176739202AD9865A00F96C31 = {
						CreatedOnToolsVersion = 14.2;
					};
					176739362AD9866100F96C31 = {
						CreatedOnToolsVersion = 14.2;
						TestTargetID = 176739202AD9865A00F96C31;
					};
					176739402AD9866100F96C31 = {
						CreatedOnToolsVersion = 14.2;
						TestTargetID = 176739202AD9865A00F96C31;
					};
				};
			};
			buildConfigurationList = 1767391C2AD9865A00F96C31 /* Build configuration list for PBXProject "newChat" */;
			compatibilityVersion = "Xcode 14.0";
			developmentRegion = en;
			hasScannedForEncodings = 0;
			knownRegions = (
				en,
				Base,
			);
			mainGroup = 176739182AD9865A00F96C31;
			packageReferences = (
				176739652ADDA79F00F96C31 /* XCRemoteSwiftPackageReference "firebase-ios-sdk" */,
				176739712ADECC5800F96C31 /* XCRemoteSwiftPackageReference "MessageKit" */,
				176739742ADED34400F96C31 /* XCRemoteSwiftPackageReference "JGProgressHUD" */,
				176739772ADED3E700F96C31 /* XCRemoteSwiftPackageReference "realm-swift" */,
				1767397C2ADED4C100F96C31 /* XCRemoteSwiftPackageReference "SDWebImage" */,
			);
			productRefGroup = 176739222AD9865A00F96C31 /* Products */;
			projectDirPath = "";
			projectRoot = "";
			targets = (
				176739202AD9865A00F96C31 /* newChat */,
				176739362AD9866100F96C31 /* newChatTests */,
				176739402AD9866100F96C31 /* newChatUITests */,
			);
		};
/* End PBXProject section */

/* Begin PBXResourcesBuildPhase section */
		1767391F2AD9865A00F96C31 /* Resources */ = {
			isa = PBXResourcesBuildPhase;
			buildActionMask = 2147483647;
			files = (
				176739312AD9866000F96C31 /* LaunchScreen.storyboard in Resources */,
				176739622ADDA66E00F96C31 /* GoogleService-Info.plist in Resources */,
				1767392E2AD9866000F96C31 /* Assets.xcassets in Resources */,
			);
			runOnlyForDeploymentPostprocessing = 0;
		};
		176739352AD9866100F96C31 /* Resources */ = {
			isa = PBXResourcesBuildPhase;
			buildActionMask = 2147483647;
			files = (
				176739632ADDA66E00F96C31 /* GoogleService-Info.plist in Resources */,
			);
			runOnlyForDeploymentPostprocessing = 0;
		};
		1767393F2AD9866100F96C31 /* Resources */ = {
			isa = PBXResourcesBuildPhase;
			buildActionMask = 2147483647;
			files = (
				176739642ADDA66E00F96C31 /* GoogleService-Info.plist in Resources */,
			);
			runOnlyForDeploymentPostprocessing = 0;
		};
/* End PBXResourcesBuildPhase section */

/* Begin PBXSourcesBuildPhase section */
		1767391D2AD9865A00F96C31 /* Sources */ = {
			isa = PBXSourcesBuildPhase;
			buildActionMask = 2147483647;
			files = (
				176739802ADED5FC00F96C31 /* ChatVC_Cell.swift in Sources */,
				176739582AD986F600F96C31 /* ChatVC.swift in Sources */,
				176739292AD9865A00F96C31 /* WelcomeVC.swift in Sources */,
				176739842ADEF73900F96C31 /* TabBarVC.swift in Sources */,
				1767395E2AD9A5B600F96C31 /* Colors + Ext.swift in Sources */,
				1767395C2AD9873D00F96C31 /* LoginVC.swift in Sources */,
				176739252AD9865A00F96C31 /* AppDelegate.swift in Sources */,
				176739602ADD7BED00F96C31 /* UIStackView + EXt.swift in Sources */,
				1795D2A12AE16E1A00A7752C /* MessageKit.swift in Sources */,
				176739862ADEF7F100F96C31 /* ProfileVC.swift in Sources */,
				176739272AD9865A00F96C31 /* SceneDelegate.swift in Sources */,
				1767395A2AD9872F00F96C31 /* RegisterVC.swift in Sources */,
				1795D2A32AE174F600A7752C /* NewConversationVC.swift in Sources */,
				176739822ADEF40600F96C31 /* ConverationVC.swift in Sources */,
				176739702ADEB32800F96C31 /* DatabaseManager.swift in Sources */,
			);
			runOnlyForDeploymentPostprocessing = 0;
		};
		176739332AD9866100F96C31 /* Sources */ = {
			isa = PBXSourcesBuildPhase;
			buildActionMask = 2147483647;
			files = (
				1767393C2AD9866100F96C31 /* newChatTests.swift in Sources */,
			);
			runOnlyForDeploymentPostprocessing = 0;
		};
		1767393D2AD9866100F96C31 /* Sources */ = {
			isa = PBXSourcesBuildPhase;
			buildActionMask = 2147483647;
			files = (
				176739462AD9866100F96C31 /* newChatUITests.swift in Sources */,
				176739482AD9866100F96C31 /* newChatUITestsLaunchTests.swift in Sources */,
			);
			runOnlyForDeploymentPostprocessing = 0;
		};
/* End PBXSourcesBuildPhase section */

/* Begin PBXTargetDependency section */
		176739392AD9866100F96C31 /* PBXTargetDependency */ = {
			isa = PBXTargetDependency;
			target = 176739202AD9865A00F96C31 /* newChat */;
			targetProxy = 176739382AD9866100F96C31 /* PBXContainerItemProxy */;
		};
		176739432AD9866100F96C31 /* PBXTargetDependency */ = {
			isa = PBXTargetDependency;
			target = 176739202AD9865A00F96C31 /* newChat */;
			targetProxy = 176739422AD9866100F96C31 /* PBXContainerItemProxy */;
		};
/* End PBXTargetDependency section */

/* Begin PBXVariantGroup section */
		1767392F2AD9866000F96C31 /* LaunchScreen.storyboard */ = {
			isa = PBXVariantGroup;
			children = (
				176739302AD9866000F96C31 /* Base */,
			);
			name = LaunchScreen.storyboard;
			sourceTree = "<group>";
		};
/* End PBXVariantGroup section */

/* Begin XCBuildConfiguration section */
		176739492AD9866100F96C31 /* Debug */ = {
			isa = XCBuildConfiguration;
			buildSettings = {
				ALWAYS_SEARCH_USER_PATHS = NO;
				CLANG_ANALYZER_NONNULL = YES;
				CLANG_ANALYZER_NUMBER_OBJECT_CONVERSION = YES_AGGRESSIVE;
				CLANG_CXX_LANGUAGE_STANDARD = "gnu++20";
				CLANG_ENABLE_MODULES = YES;
				CLANG_ENABLE_OBJC_ARC = YES;
				CLANG_ENABLE_OBJC_WEAK = YES;
				CLANG_WARN_BLOCK_CAPTURE_AUTORELEASING = YES;
				CLANG_WARN_BOOL_CONVERSION = YES;
				CLANG_WARN_COMMA = YES;
				CLANG_WARN_CONSTANT_CONVERSION = YES;
				CLANG_WARN_DEPRECATED_OBJC_IMPLEMENTATIONS = YES;
				CLANG_WARN_DIRECT_OBJC_ISA_USAGE = YES_ERROR;
				CLANG_WARN_DOCUMENTATION_COMMENTS = YES;
				CLANG_WARN_EMPTY_BODY = YES;
				CLANG_WARN_ENUM_CONVERSION = YES;
				CLANG_WARN_INFINITE_RECURSION = YES;
				CLANG_WARN_INT_CONVERSION = YES;
				CLANG_WARN_NON_LITERAL_NULL_CONVERSION = YES;
				CLANG_WARN_OBJC_IMPLICIT_RETAIN_SELF = YES;
				CLANG_WARN_OBJC_LITERAL_CONVERSION = YES;
				CLANG_WARN_OBJC_ROOT_CLASS = YES_ERROR;
				CLANG_WARN_QUOTED_INCLUDE_IN_FRAMEWORK_HEADER = YES;
				CLANG_WARN_RANGE_LOOP_ANALYSIS = YES;
				CLANG_WARN_STRICT_PROTOTYPES = YES;
				CLANG_WARN_SUSPICIOUS_MOVE = YES;
				CLANG_WARN_UNGUARDED_AVAILABILITY = YES_AGGRESSIVE;
				CLANG_WARN_UNREACHABLE_CODE = YES;
				CLANG_WARN__DUPLICATE_METHOD_MATCH = YES;
				COPY_PHASE_STRIP = NO;
				DEBUG_INFORMATION_FORMAT = dwarf;
				ENABLE_STRICT_OBJC_MSGSEND = YES;
				ENABLE_TESTABILITY = YES;
				GCC_C_LANGUAGE_STANDARD = gnu11;
				GCC_DYNAMIC_NO_PIC = NO;
				GCC_NO_COMMON_BLOCKS = YES;
				GCC_OPTIMIZATION_LEVEL = 0;
				GCC_PREPROCESSOR_DEFINITIONS = (
					"DEBUG=1",
					"$(inherited)",
				);
				GCC_WARN_64_TO_32_BIT_CONVERSION = YES;
				GCC_WARN_ABOUT_RETURN_TYPE = YES_ERROR;
				GCC_WARN_UNDECLARED_SELECTOR = YES;
				GCC_WARN_UNINITIALIZED_AUTOS = YES_AGGRESSIVE;
				GCC_WARN_UNUSED_FUNCTION = YES;
				GCC_WARN_UNUSED_VARIABLE = YES;
				IPHONEOS_DEPLOYMENT_TARGET = 16.2;
				MTL_ENABLE_DEBUG_INFO = INCLUDE_SOURCE;
				MTL_FAST_MATH = YES;
				ONLY_ACTIVE_ARCH = YES;
				SDKROOT = iphoneos;
				SWIFT_ACTIVE_COMPILATION_CONDITIONS = DEBUG;
				SWIFT_OPTIMIZATION_LEVEL = "-Onone";
			};
			name = Debug;
		};
		1767394A2AD9866100F96C31 /* Release */ = {
			isa = XCBuildConfiguration;
			buildSettings = {
				ALWAYS_SEARCH_USER_PATHS = NO;
				CLANG_ANALYZER_NONNULL = YES;
				CLANG_ANALYZER_NUMBER_OBJECT_CONVERSION = YES_AGGRESSIVE;
				CLANG_CXX_LANGUAGE_STANDARD = "gnu++20";
				CLANG_ENABLE_MODULES = YES;
				CLANG_ENABLE_OBJC_ARC = YES;
				CLANG_ENABLE_OBJC_WEAK = YES;
				CLANG_WARN_BLOCK_CAPTURE_AUTORELEASING = YES;
				CLANG_WARN_BOOL_CONVERSION = YES;
				CLANG_WARN_COMMA = YES;
				CLANG_WARN_CONSTANT_CONVERSION = YES;
				CLANG_WARN_DEPRECATED_OBJC_IMPLEMENTATIONS = YES;
				CLANG_WARN_DIRECT_OBJC_ISA_USAGE = YES_ERROR;
				CLANG_WARN_DOCUMENTATION_COMMENTS = YES;
				CLANG_WARN_EMPTY_BODY = YES;
				CLANG_WARN_ENUM_CONVERSION = YES;
				CLANG_WARN_INFINITE_RECURSION = YES;
				CLANG_WARN_INT_CONVERSION = YES;
				CLANG_WARN_NON_LITERAL_NULL_CONVERSION = YES;
				CLANG_WARN_OBJC_IMPLICIT_RETAIN_SELF = YES;
				CLANG_WARN_OBJC_LITERAL_CONVERSION = YES;
				CLANG_WARN_OBJC_ROOT_CLASS = YES_ERROR;
				CLANG_WARN_QUOTED_INCLUDE_IN_FRAMEWORK_HEADER = YES;
				CLANG_WARN_RANGE_LOOP_ANALYSIS = YES;
				CLANG_WARN_STRICT_PROTOTYPES = YES;
				CLANG_WARN_SUSPICIOUS_MOVE = YES;
				CLANG_WARN_UNGUARDED_AVAILABILITY = YES_AGGRESSIVE;
				CLANG_WARN_UNREACHABLE_CODE = YES;
				CLANG_WARN__DUPLICATE_METHOD_MATCH = YES;
				COPY_PHASE_STRIP = NO;
				DEBUG_INFORMATION_FORMAT = "dwarf-with-dsym";
				ENABLE_NS_ASSERTIONS = NO;
				ENABLE_STRICT_OBJC_MSGSEND = YES;
				GCC_C_LANGUAGE_STANDARD = gnu11;
				GCC_NO_COMMON_BLOCKS = YES;
				GCC_WARN_64_TO_32_BIT_CONVERSION = YES;
				GCC_WARN_ABOUT_RETURN_TYPE = YES_ERROR;
				GCC_WARN_UNDECLARED_SELECTOR = YES;
				GCC_WARN_UNINITIALIZED_AUTOS = YES_AGGRESSIVE;
				GCC_WARN_UNUSED_FUNCTION = YES;
				GCC_WARN_UNUSED_VARIABLE = YES;
				IPHONEOS_DEPLOYMENT_TARGET = 16.2;
				MTL_ENABLE_DEBUG_INFO = NO;
				MTL_FAST_MATH = YES;
				SDKROOT = iphoneos;
				SWIFT_COMPILATION_MODE = wholemodule;
				SWIFT_OPTIMIZATION_LEVEL = "-O";
				VALIDATE_PRODUCT = YES;
			};
			name = Release;
		};
		1767394C2AD9866100F96C31 /* Debug */ = {
			isa = XCBuildConfiguration;
			buildSettings = {
				ASSETCATALOG_COMPILER_APPICON_NAME = AppIcon;
				ASSETCATALOG_COMPILER_GLOBAL_ACCENT_COLOR_NAME = AccentColor;
				CODE_SIGN_STYLE = Automatic;
				CURRENT_PROJECT_VERSION = 1;
				GENERATE_INFOPLIST_FILE = YES;
				INFOPLIST_FILE = newChat/Info.plist;
				INFOPLIST_KEY_NSCameraUsageDescription = "Please allow access to make a photo for profile";
				INFOPLIST_KEY_NSPhotoLibraryAddUsageDescription = "Please allow access to select a photo";
				INFOPLIST_KEY_UIApplicationSupportsIndirectInputEvents = YES;
				INFOPLIST_KEY_UILaunchStoryboardName = LaunchScreen;
				INFOPLIST_KEY_UISupportedInterfaceOrientations_iPad = "UIInterfaceOrientationPortrait UIInterfaceOrientationPortraitUpsideDown UIInterfaceOrientationLandscapeLeft UIInterfaceOrientationLandscapeRight";
				INFOPLIST_KEY_UISupportedInterfaceOrientations_iPhone = "UIInterfaceOrientationPortrait UIInterfaceOrientationLandscapeLeft UIInterfaceOrientationLandscapeRight";
				LD_RUNPATH_SEARCH_PATHS = (
					"$(inherited)",
					"@executable_path/Frameworks",
				);
				MARKETING_VERSION = 1.0;
				PRODUCT_BUNDLE_IDENTIFIER = aa.newChat;
				PRODUCT_NAME = "$(TARGET_NAME)";
				SWIFT_EMIT_LOC_STRINGS = YES;
				SWIFT_VERSION = 5.0;
				TARGETED_DEVICE_FAMILY = "1,2";
			};
			name = Debug;
		};
		1767394D2AD9866100F96C31 /* Release */ = {
			isa = XCBuildConfiguration;
			buildSettings = {
				ASSETCATALOG_COMPILER_APPICON_NAME = AppIcon;
				ASSETCATALOG_COMPILER_GLOBAL_ACCENT_COLOR_NAME = AccentColor;
				CODE_SIGN_STYLE = Automatic;
				CURRENT_PROJECT_VERSION = 1;
				GENERATE_INFOPLIST_FILE = YES;
				INFOPLIST_FILE = newChat/Info.plist;
				INFOPLIST_KEY_NSCameraUsageDescription = "Please allow access to make a photo for profile";
				INFOPLIST_KEY_NSPhotoLibraryAddUsageDescription = "Please allow access to select a photo";
				INFOPLIST_KEY_UIApplicationSupportsIndirectInputEvents = YES;
				INFOPLIST_KEY_UILaunchStoryboardName = LaunchScreen;
				INFOPLIST_KEY_UISupportedInterfaceOrientations_iPad = "UIInterfaceOrientationPortrait UIInterfaceOrientationPortraitUpsideDown UIInterfaceOrientationLandscapeLeft UIInterfaceOrientationLandscapeRight";
				INFOPLIST_KEY_UISupportedInterfaceOrientations_iPhone = "UIInterfaceOrientationPortrait UIInterfaceOrientationLandscapeLeft UIInterfaceOrientationLandscapeRight";
				LD_RUNPATH_SEARCH_PATHS = (
					"$(inherited)",
					"@executable_path/Frameworks",
				);
				MARKETING_VERSION = 1.0;
				PRODUCT_BUNDLE_IDENTIFIER = aa.newChat;
				PRODUCT_NAME = "$(TARGET_NAME)";
				SWIFT_EMIT_LOC_STRINGS = YES;
				SWIFT_VERSION = 5.0;
				TARGETED_DEVICE_FAMILY = "1,2";
			};
			name = Release;
		};
		1767394F2AD9866100F96C31 /* Debug */ = {
			isa = XCBuildConfiguration;
			buildSettings = {
				ALWAYS_EMBED_SWIFT_STANDARD_LIBRARIES = YES;
				BUNDLE_LOADER = "$(TEST_HOST)";
				CODE_SIGN_STYLE = Automatic;
				CURRENT_PROJECT_VERSION = 1;
				GENERATE_INFOPLIST_FILE = YES;
				IPHONEOS_DEPLOYMENT_TARGET = 16.2;
				MARKETING_VERSION = 1.0;
				PRODUCT_BUNDLE_IDENTIFIER = aa.newChatTests;
				PRODUCT_NAME = "$(TARGET_NAME)";
				SWIFT_EMIT_LOC_STRINGS = NO;
				SWIFT_VERSION = 5.0;
				TARGETED_DEVICE_FAMILY = "1,2";
				TEST_HOST = "$(BUILT_PRODUCTS_DIR)/newChat.app/$(BUNDLE_EXECUTABLE_FOLDER_PATH)/newChat";
			};
			name = Debug;
		};
		176739502AD9866100F96C31 /* Release */ = {
			isa = XCBuildConfiguration;
			buildSettings = {
				ALWAYS_EMBED_SWIFT_STANDARD_LIBRARIES = YES;
				BUNDLE_LOADER = "$(TEST_HOST)";
				CODE_SIGN_STYLE = Automatic;
				CURRENT_PROJECT_VERSION = 1;
				GENERATE_INFOPLIST_FILE = YES;
				IPHONEOS_DEPLOYMENT_TARGET = 16.2;
				MARKETING_VERSION = 1.0;
				PRODUCT_BUNDLE_IDENTIFIER = aa.newChatTests;
				PRODUCT_NAME = "$(TARGET_NAME)";
				SWIFT_EMIT_LOC_STRINGS = NO;
				SWIFT_VERSION = 5.0;
				TARGETED_DEVICE_FAMILY = "1,2";
				TEST_HOST = "$(BUILT_PRODUCTS_DIR)/newChat.app/$(BUNDLE_EXECUTABLE_FOLDER_PATH)/newChat";
			};
			name = Release;
		};
		176739522AD9866100F96C31 /* Debug */ = {
			isa = XCBuildConfiguration;
			buildSettings = {
				ALWAYS_EMBED_SWIFT_STANDARD_LIBRARIES = YES;
				CODE_SIGN_STYLE = Automatic;
				CURRENT_PROJECT_VERSION = 1;
				GENERATE_INFOPLIST_FILE = YES;
				MARKETING_VERSION = 1.0;
				PRODUCT_BUNDLE_IDENTIFIER = aa.newChatUITests;
				PRODUCT_NAME = "$(TARGET_NAME)";
				SWIFT_EMIT_LOC_STRINGS = NO;
				SWIFT_VERSION = 5.0;
				TARGETED_DEVICE_FAMILY = "1,2";
				TEST_TARGET_NAME = newChat;
			};
			name = Debug;
		};
		176739532AD9866100F96C31 /* Release */ = {
			isa = XCBuildConfiguration;
			buildSettings = {
				ALWAYS_EMBED_SWIFT_STANDARD_LIBRARIES = YES;
				CODE_SIGN_STYLE = Automatic;
				CURRENT_PROJECT_VERSION = 1;
				GENERATE_INFOPLIST_FILE = YES;
				MARKETING_VERSION = 1.0;
				PRODUCT_BUNDLE_IDENTIFIER = aa.newChatUITests;
				PRODUCT_NAME = "$(TARGET_NAME)";
				SWIFT_EMIT_LOC_STRINGS = NO;
				SWIFT_VERSION = 5.0;
				TARGETED_DEVICE_FAMILY = "1,2";
				TEST_TARGET_NAME = newChat;
			};
			name = Release;
		};
/* End XCBuildConfiguration section */

/* Begin XCConfigurationList section */
		1767391C2AD9865A00F96C31 /* Build configuration list for PBXProject "newChat" */ = {
			isa = XCConfigurationList;
			buildConfigurations = (
				176739492AD9866100F96C31 /* Debug */,
				1767394A2AD9866100F96C31 /* Release */,
			);
			defaultConfigurationIsVisible = 0;
			defaultConfigurationName = Release;
		};
		1767394B2AD9866100F96C31 /* Build configuration list for PBXNativeTarget "newChat" */ = {
			isa = XCConfigurationList;
			buildConfigurations = (
				1767394C2AD9866100F96C31 /* Debug */,
				1767394D2AD9866100F96C31 /* Release */,
			);
			defaultConfigurationIsVisible = 0;
			defaultConfigurationName = Release;
		};
		1767394E2AD9866100F96C31 /* Build configuration list for PBXNativeTarget "newChatTests" */ = {
			isa = XCConfigurationList;
			buildConfigurations = (
				1767394F2AD9866100F96C31 /* Debug */,
				176739502AD9866100F96C31 /* Release */,
			);
			defaultConfigurationIsVisible = 0;
			defaultConfigurationName = Release;
		};
		176739512AD9866100F96C31 /* Build configuration list for PBXNativeTarget "newChatUITests" */ = {
			isa = XCConfigurationList;
			buildConfigurations = (
				176739522AD9866100F96C31 /* Debug */,
				176739532AD9866100F96C31 /* Release */,
			);
			defaultConfigurationIsVisible = 0;
			defaultConfigurationName = Release;
		};
/* End XCConfigurationList section */

/* Begin XCRemoteSwiftPackageReference section */
		176739652ADDA79F00F96C31 /* XCRemoteSwiftPackageReference "firebase-ios-sdk" */ = {
			isa = XCRemoteSwiftPackageReference;
			repositoryURL = "https://github.com/firebase/firebase-ios-sdk";
			requirement = {
				branch = master;
				kind = branch;
			};
		};
		176739712ADECC5800F96C31 /* XCRemoteSwiftPackageReference "MessageKit" */ = {
			isa = XCRemoteSwiftPackageReference;
			repositoryURL = "https://github.com/MessageKit/MessageKit";
			requirement = {
				kind = upToNextMajorVersion;
				minimumVersion = 4.0.0;
			};
		};
		176739742ADED34400F96C31 /* XCRemoteSwiftPackageReference "JGProgressHUD" */ = {
			isa = XCRemoteSwiftPackageReference;
			repositoryURL = "https://github.com/JonasGessner/JGProgressHUD.git";
			requirement = {
				kind = upToNextMajorVersion;
				minimumVersion = 2.0.0;
			};
		};
		176739772ADED3E700F96C31 /* XCRemoteSwiftPackageReference "realm-swift" */ = {
			isa = XCRemoteSwiftPackageReference;
			repositoryURL = "https://github.com/realm/realm-swift.git";
			requirement = {
				branch = master;
				kind = branch;
			};
		};
		1767397C2ADED4C100F96C31 /* XCRemoteSwiftPackageReference "SDWebImage" */ = {
			isa = XCRemoteSwiftPackageReference;
			repositoryURL = "https://github.com/SDWebImage/SDWebImage";
			requirement = {
				kind = upToNextMajorVersion;
				minimumVersion = 5.0.0;
			};
		};
/* End XCRemoteSwiftPackageReference section */

/* Begin XCSwiftPackageProductDependency section */
		176739662ADDA79F00F96C31 /* FirebaseAnalytics */ = {
			isa = XCSwiftPackageProductDependency;
			package = 176739652ADDA79F00F96C31 /* XCRemoteSwiftPackageReference "firebase-ios-sdk" */;
			productName = FirebaseAnalytics;
		};
		176739682ADDA79F00F96C31 /* FirebaseAuth */ = {
			isa = XCSwiftPackageProductDependency;
			package = 176739652ADDA79F00F96C31 /* XCRemoteSwiftPackageReference "firebase-ios-sdk" */;
			productName = FirebaseAuth;
		};
		1767396A2ADDA79F00F96C31 /* FirebaseDatabase */ = {
			isa = XCSwiftPackageProductDependency;
			package = 176739652ADDA79F00F96C31 /* XCRemoteSwiftPackageReference "firebase-ios-sdk" */;
			productName = FirebaseDatabase;
		};
		1767396C2ADDA79F00F96C31 /* FirebaseFirestore */ = {
			isa = XCSwiftPackageProductDependency;
			package = 176739652ADDA79F00F96C31 /* XCRemoteSwiftPackageReference "firebase-ios-sdk" */;
			productName = FirebaseFirestore;
		};
		176739722ADECC5900F96C31 /* MessageKit */ = {
			isa = XCSwiftPackageProductDependency;
			package = 176739712ADECC5800F96C31 /* XCRemoteSwiftPackageReference "MessageKit" */;
			productName = MessageKit;
		};
		176739752ADED34400F96C31 /* JGProgressHUD */ = {
			isa = XCSwiftPackageProductDependency;
			package = 176739742ADED34400F96C31 /* XCRemoteSwiftPackageReference "JGProgressHUD" */;
			productName = JGProgressHUD;
		};
		176739782ADED3E700F96C31 /* Realm */ = {
			isa = XCSwiftPackageProductDependency;
			package = 176739772ADED3E700F96C31 /* XCRemoteSwiftPackageReference "realm-swift" */;
			productName = Realm;
		};
		1767397A2ADED3E800F96C31 /* RealmSwift */ = {
			isa = XCSwiftPackageProductDependency;
			package = 176739772ADED3E700F96C31 /* XCRemoteSwiftPackageReference "realm-swift" */;
			productName = RealmSwift;
		};
		1767397D2ADED4C100F96C31 /* SDWebImage */ = {
			isa = XCSwiftPackageProductDependency;
			package = 1767397C2ADED4C100F96C31 /* XCRemoteSwiftPackageReference "SDWebImage" */;
			productName = SDWebImage;
		};
/* End XCSwiftPackageProductDependency section */
	};
	rootObject = 176739192AD9865A00F96C31 /* Project object */;
}
